
Microsoft Visual Studio Solution File, Format Version 12.00
# Visual Studio 15
VisualStudioVersion = 15.0.27428.2037
MinimumVisualStudioVersion = 10.0.40219.1
Project("{FAE04EC0-301F-11D3-BF4B-00C04F79EFBC}") = "ThucTapNhom_QuanLyDeThi", "ThucTapNhom_QuanLyDeThi\ThucTapNhom_QuanLyDeThi.csproj", "{FFD01C9B-30C7-43A4-815D-4429E5C1E449}"
EndProject
Global
	GlobalSection(SolutionConfigurationPlatforms) = preSolution
		Debug|Any CPU = Debug|Any CPU
		Release|Any CPU = Release|Any CPU
	EndGlobalSection
	GlobalSection(ProjectConfigurationPlatforms) = postSolution
		{FFD01C9B-30C7-43A4-815D-4429E5C1E449}.Debug|Any CPU.ActiveCfg = Debug|Any CPU
		{FFD01C9B-30C7-43A4-815D-4429E5C1E449}.Debug|Any CPU.Build.0 = Debug|Any CPU
		{FFD01C9B-30C7-43A4-815D-4429E5C1E449}.Release|Any CPU.ActiveCfg = Release|Any CPU
		{FFD01C9B-30C7-43A4-815D-4429E5C1E449}.Release|Any CPU.Build.0 = Release|Any CPU
	EndGlobalSection
	GlobalSection(SolutionProperties) = preSolution
		HideSolutionNode = FALSE
	EndGlobalSection
	GlobalSection(ExtensibilityGlobals) = postSolution
		SolutionGuid = {61270A12-A90F-4921-9B41-6B374FD1FCAA}
	EndGlobalSection
EndGlobal
